
Microsoft Visual Studio Solution File, Format Version 12.00
# Visual Studio Version 17
VisualStudioVersion = 17.6.33723.286
MinimumVisualStudioVersion = 10.0.40219.1
Project("{FAE04EC0-301F-11D3-BF4B-00C04F79EFBC}") = "ClockLesserAngle", "ClockLesserAngle\ClockLesserAngle.csproj", "{4B8CBD3A-A84C-411F-B02A-A1AF728186AB}"
EndProject
Global
	GlobalSection(SolutionConfigurationPlatforms) = preSolution
		Debug|Any CPU = Debug|Any CPU
		Release|Any CPU = Release|Any CPU
	EndGlobalSection
	GlobalSection(ProjectConfigurationPlatforms) = postSolution
		{4B8CBD3A-A84C-411F-B02A-A1AF728186AB}.Debug|Any CPU.ActiveCfg = Debug|Any CPU
		{4B8CBD3A-A84C-411F-B02A-A1AF728186AB}.Debug|Any CPU.Build.0 = Debug|Any CPU
		{4B8CBD3A-A84C-411F-B02A-A1AF728186AB}.Release|Any CPU.ActiveCfg = Release|Any CPU
		{4B8CBD3A-A84C-411F-B02A-A1AF728186AB}.Release|Any CPU.Build.0 = Release|Any CPU
	EndGlobalSection
	GlobalSection(SolutionProperties) = preSolution
		HideSolutionNode = FALSE
	EndGlobalSection
	GlobalSection(ExtensibilityGlobals) = postSolution
		SolutionGuid = {43809865-C716-4653-BF14-C8F2A9BC83EE}
	EndGlobalSection
EndGlobal
